
Microsoft Visual Studio Solution File, Format Version 12.00
# Visual Studio Version 16
VisualStudioVersion = 16.0.29411.108
MinimumVisualStudioVersion = 10.0.40219.1
Project("{FAE04EC0-301F-11D3-BF4B-00C04F79EFBC}") = "ProjetoWCF", "ProjetoWCF\ProjetoWCF.csproj", "{2E63CF1F-0999-4A3A-AB5C-8230A69686E5}"
EndProject
Project("{FAE04EC0-301F-11D3-BF4B-00C04F79EFBC}") = "BarbeariaWebApi", "BarbeariaWebApi\BarbeariaWebApi.csproj", "{A00F47EE-CC2D-43DF-B431-CCB1885ADCA9}"
	ProjectSection(ProjectDependencies) = postProject
		{2E63CF1F-0999-4A3A-AB5C-8230A69686E5} = {2E63CF1F-0999-4A3A-AB5C-8230A69686E5}
	EndProjectSection
EndProject
Project("{FAE04EC0-301F-11D3-BF4B-00C04F79EFBC}") = "Entity", "Entity\Entity.csproj", "{8A258756-6C84-4CAC-A67D-9D2BC7B76C22}"
EndProject
Global
	GlobalSection(SolutionConfigurationPlatforms) = preSolution
		Debug|Any CPU = Debug|Any CPU
		Release|Any CPU = Release|Any CPU
	EndGlobalSection
	GlobalSection(ProjectConfigurationPlatforms) = postSolution
		{2E63CF1F-0999-4A3A-AB5C-8230A69686E5}.Debug|Any CPU.ActiveCfg = Debug|Any CPU
		{2E63CF1F-0999-4A3A-AB5C-8230A69686E5}.Debug|Any CPU.Build.0 = Debug|Any CPU
		{2E63CF1F-0999-4A3A-AB5C-8230A69686E5}.Release|Any CPU.ActiveCfg = Release|Any CPU
		{2E63CF1F-0999-4A3A-AB5C-8230A69686E5}.Release|Any CPU.Build.0 = Release|Any CPU
		{A00F47EE-CC2D-43DF-B431-CCB1885ADCA9}.Debug|Any CPU.ActiveCfg = Debug|Any CPU
		{A00F47EE-CC2D-43DF-B431-CCB1885ADCA9}.Debug|Any CPU.Build.0 = Debug|Any CPU
		{A00F47EE-CC2D-43DF-B431-CCB1885ADCA9}.Release|Any CPU.ActiveCfg = Release|Any CPU
		{A00F47EE-CC2D-43DF-B431-CCB1885ADCA9}.Release|Any CPU.Build.0 = Release|Any CPU
		{8A258756-6C84-4CAC-A67D-9D2BC7B76C22}.Debug|Any CPU.ActiveCfg = Debug|Any CPU
		{8A258756-6C84-4CAC-A67D-9D2BC7B76C22}.Debug|Any CPU.Build.0 = Debug|Any CPU
		{8A258756-6C84-4CAC-A67D-9D2BC7B76C22}.Release|Any CPU.ActiveCfg = Release|Any CPU
		{8A258756-6C84-4CAC-A67D-9D2BC7B76C22}.Release|Any CPU.Build.0 = Release|Any CPU
	EndGlobalSection
	GlobalSection(SolutionProperties) = preSolution
		HideSolutionNode = FALSE
	EndGlobalSection
	GlobalSection(ExtensibilityGlobals) = postSolution
		SolutionGuid = {AA6511AD-F3DD-46DF-8708-012BCB95B7E9}
	EndGlobalSection
EndGlobal
